
Microsoft Visual Studio Solution File, Format Version 12.00
# Visual Studio Version 17
VisualStudioVersion = 17.5.33530.505
MinimumVisualStudioVersion = 10.0.40219.1
Project("{FAE04EC0-301F-11D3-BF4B-00C04F79EFBC}") = "DefontanaBackendTest", "DefontanaBackendTest\DefontanaBackendTest.csproj", "{5C440BF5-0DD2-475D-A73C-3778776278C5}"
EndProject
Project("{FAE04EC0-301F-11D3-BF4B-00C04F79EFBC}") = "DefontanaBackendTest.DL", "DefontanaBackendTest.DL\DefontanaBackendTest.DL.csproj", "{B660977F-653E-4F51-AF52-7ACDACB035F7}"
EndProject
Project("{FAE04EC0-301F-11D3-BF4B-00C04F79EFBC}") = "DefontanaBackendTest.DAL", "DefontanaBackendTest.DAL\DefontanaBackendTest.DAL.csproj", "{50D64C55-AA70-41CF-8615-2F0F20B3637B}"
EndProject
Project("{FAE04EC0-301F-11D3-BF4B-00C04F79EFBC}") = "DefontanaBackendTest.BLL", "DefontanaBackendTest.BLL\DefontanaBackendTest.BLL.csproj", "{12F364BB-E794-4644-8F6E-7B45CC3BF4F4}"
EndProject
Global
	GlobalSection(SolutionConfigurationPlatforms) = preSolution
		Debug|Any CPU = Debug|Any CPU
		Release|Any CPU = Release|Any CPU
	EndGlobalSection
	GlobalSection(ProjectConfigurationPlatforms) = postSolution
		{5C440BF5-0DD2-475D-A73C-3778776278C5}.Debug|Any CPU.ActiveCfg = Debug|Any CPU
		{5C440BF5-0DD2-475D-A73C-3778776278C5}.Debug|Any CPU.Build.0 = Debug|Any CPU
		{5C440BF5-0DD2-475D-A73C-3778776278C5}.Release|Any CPU.ActiveCfg = Release|Any CPU
		{5C440BF5-0DD2-475D-A73C-3778776278C5}.Release|Any CPU.Build.0 = Release|Any CPU
		{B660977F-653E-4F51-AF52-7ACDACB035F7}.Debug|Any CPU.ActiveCfg = Debug|Any CPU
		{B660977F-653E-4F51-AF52-7ACDACB035F7}.Debug|Any CPU.Build.0 = Debug|Any CPU
		{B660977F-653E-4F51-AF52-7ACDACB035F7}.Release|Any CPU.ActiveCfg = Release|Any CPU
		{B660977F-653E-4F51-AF52-7ACDACB035F7}.Release|Any CPU.Build.0 = Release|Any CPU
		{50D64C55-AA70-41CF-8615-2F0F20B3637B}.Debug|Any CPU.ActiveCfg = Debug|Any CPU
		{50D64C55-AA70-41CF-8615-2F0F20B3637B}.Debug|Any CPU.Build.0 = Debug|Any CPU
		{50D64C55-AA70-41CF-8615-2F0F20B3637B}.Release|Any CPU.ActiveCfg = Release|Any CPU
		{50D64C55-AA70-41CF-8615-2F0F20B3637B}.Release|Any CPU.Build.0 = Release|Any CPU
		{12F364BB-E794-4644-8F6E-7B45CC3BF4F4}.Debug|Any CPU.ActiveCfg = Debug|Any CPU
		{12F364BB-E794-4644-8F6E-7B45CC3BF4F4}.Debug|Any CPU.Build.0 = Debug|Any CPU
		{12F364BB-E794-4644-8F6E-7B45CC3BF4F4}.Release|Any CPU.ActiveCfg = Release|Any CPU
		{12F364BB-E794-4644-8F6E-7B45CC3BF4F4}.Release|Any CPU.Build.0 = Release|Any CPU
	EndGlobalSection
	GlobalSection(SolutionProperties) = preSolution
		HideSolutionNode = FALSE
	EndGlobalSection
	GlobalSection(ExtensibilityGlobals) = postSolution
		SolutionGuid = {343A5122-74FC-4A15-9643-707E1A885059}
	EndGlobalSection
EndGlobal
